
Microsoft Visual Studio Solution File, Format Version 12.00
# Visual Studio Version 17
VisualStudioVersion = 17.5.002.0
MinimumVisualStudioVersion = 10.0.40219.1
Project("{9A19103F-16F7-4668-BE54-9A1E7A4F7556}") = "Consumer.Data", "Consumer.Data\Consumer.Data.csproj", "{A1CB8F06-C67D-4DA6-ABD7-A067F5655FE7}"
EndProject
Project("{9A19103F-16F7-4668-BE54-9A1E7A4F7556}") = "Consumer.Domain", "Consumer.Domain\Consumer.Domain.csproj", "{8535D086-25ED-4648-B571-6EE627CA5F3E}"
EndProject
Project("{9A19103F-16F7-4668-BE54-9A1E7A4F7556}") = "Consumer.IoC", "Consumer.IoC\Consumer.IoC.csproj", "{DDFD6B50-DF8C-4FE9-A5E1-2CD7281D4B2C}"
EndProject
Project("{9A19103F-16F7-4668-BE54-9A1E7A4F7556}") = "Consumer.Repository", "Consumer.Repository\Consumer.Repository.csproj", "{0E1231E5-3B77-4EA2-B976-DF0DDCDC0A4B}"
EndProject
Project("{9A19103F-16F7-4668-BE54-9A1E7A4F7556}") = "Consumer.Service.Api", "Consumer.Service.Api\Consumer.Service.Api.csproj", "{A7C25C95-273E-42B3-A4E7-2A085A6160DB}"
EndProject
Project("{9A19103F-16F7-4668-BE54-9A1E7A4F7556}") = "Consumer.Shareable", "Consumer.Shareable\Consumer.Shareable.csproj", "{5F6E6FEC-B83F-4573-A1DC-529AC61E8004}"
EndProject
Project("{2150E333-8FDC-42A3-9474-1A3956D46DE8}") = "01-Services", "01-Services", "{64156F57-CBD9-4879-BD2C-60789A8C9690}"
EndProject
Project("{2150E333-8FDC-42A3-9474-1A3956D46DE8}") = "02-Application", "02-Application", "{A370A978-F0DF-475A-9DC0-FFDED4E62893}"
EndProject
Project("{2150E333-8FDC-42A3-9474-1A3956D46DE8}") = "03-Domain", "03-Domain", "{5C779E5A-DB7A-450E-A37B-A62EAE050B05}"
EndProject
Project("{2150E333-8FDC-42A3-9474-1A3956D46DE8}") = "04-Infra", "04-Infra", "{19B665F1-C012-4E3E-AF36-363658E3B4B8}"
EndProject
Project("{2150E333-8FDC-42A3-9474-1A3956D46DE8}") = "05-Presentention", "05-Presentention", "{297F63BB-8FDE-47BB-8FCD-3A60D96A12DA}"
EndProject
Project("{2150E333-8FDC-42A3-9474-1A3956D46DE8}") = "01.01-WebApi", "01.01-WebApi", "{4496DBE8-45BA-4226-B34E-FFB89DDF766C}"
EndProject
Project("{2150E333-8FDC-42A3-9474-1A3956D46DE8}") = "01.02-Services", "01.02-Services", "{D7B1A09D-9672-49EE-991D-37917BB5ED13}"
EndProject
Project("{2150E333-8FDC-42A3-9474-1A3956D46DE8}") = "02.01-Application", "02.01-Application", "{76EB23A6-399B-4C48-A0CC-6406203E3018}"
EndProject
Project("{2150E333-8FDC-42A3-9474-1A3956D46DE8}") = "04.01-Data", "04.01-Data", "{2938DBB0-5D40-435D-BDAF-20A73BCC7977}"
EndProject
Project("{2150E333-8FDC-42A3-9474-1A3956D46DE8}") = "04.02-CrossCutting", "04.02-CrossCutting", "{EBC4D69A-A7C8-44CC-83E7-A32B1681208C}"
EndProject
Project("{2150E333-8FDC-42A3-9474-1A3956D46DE8}") = "04.03-Shareable", "04.03-Shareable", "{8B364180-74A9-43C9-80B2-974F037D2A6C}"
EndProject
Project("{9A19103F-16F7-4668-BE54-9A1E7A4F7556}") = "Consumer.Service.Worker", "Consumer.Service.Worker\Consumer.Service.Worker.csproj", "{5101B2B7-8D76-45D9-8D6B-4B1B0171D2BA}"
EndProject
Project("{2150E333-8FDC-42A3-9474-1A3956D46DE8}") = "01.03-GRPC", "01.03-GRPC", "{3659175D-1433-4519-9003-84E98315ECC8}"
EndProject
Project("{9A19103F-16F7-4668-BE54-9A1E7A4F7556}") = "Consumer.Service.GRPC", "Consumer.Service.GRPC\Consumer.Service.GRPC.csproj", "{36B97E82-ADB5-4768-957F-709DEDEB52EC}"
EndProject
Project("{2150E333-8FDC-42A3-9474-1A3956D46DE8}") = "99-Stuff", "99-Stuff", "{E94F862B-FCB8-472D-B94A-13D5524906AE}"
EndProject
Project("{E53339B2-1760-4266-BCC7-CA923CBCF16C}") = "docker-compose", "docker-compose.dcproj", "{F01CFB53-3431-4A32-ACD8-BC275BB2D913}"
EndProject
Global
	GlobalSection(SolutionConfigurationPlatforms) = preSolution
		Debug|Any CPU = Debug|Any CPU
		Release|Any CPU = Release|Any CPU
	EndGlobalSection
	GlobalSection(ProjectConfigurationPlatforms) = postSolution
		{A1CB8F06-C67D-4DA6-ABD7-A067F5655FE7}.Debug|Any CPU.ActiveCfg = Debug|Any CPU
		{A1CB8F06-C67D-4DA6-ABD7-A067F5655FE7}.Debug|Any CPU.Build.0 = Debug|Any CPU
		{A1CB8F06-C67D-4DA6-ABD7-A067F5655FE7}.Release|Any CPU.ActiveCfg = Release|Any CPU
		{A1CB8F06-C67D-4DA6-ABD7-A067F5655FE7}.Release|Any CPU.Build.0 = Release|Any CPU
		{8535D086-25ED-4648-B571-6EE627CA5F3E}.Debug|Any CPU.ActiveCfg = Debug|Any CPU
		{8535D086-25ED-4648-B571-6EE627CA5F3E}.Debug|Any CPU.Build.0 = Debug|Any CPU
		{8535D086-25ED-4648-B571-6EE627CA5F3E}.Release|Any CPU.ActiveCfg = Release|Any CPU
		{8535D086-25ED-4648-B571-6EE627CA5F3E}.Release|Any CPU.Build.0 = Release|Any CPU
		{DDFD6B50-DF8C-4FE9-A5E1-2CD7281D4B2C}.Debug|Any CPU.ActiveCfg = Debug|Any CPU
		{DDFD6B50-DF8C-4FE9-A5E1-2CD7281D4B2C}.Debug|Any CPU.Build.0 = Debug|Any CPU
		{DDFD6B50-DF8C-4FE9-A5E1-2CD7281D4B2C}.Release|Any CPU.ActiveCfg = Release|Any CPU
		{DDFD6B50-DF8C-4FE9-A5E1-2CD7281D4B2C}.Release|Any CPU.Build.0 = Release|Any CPU
		{0E1231E5-3B77-4EA2-B976-DF0DDCDC0A4B}.Debug|Any CPU.ActiveCfg = Debug|Any CPU
		{0E1231E5-3B77-4EA2-B976-DF0DDCDC0A4B}.Debug|Any CPU.Build.0 = Debug|Any CPU
		{0E1231E5-3B77-4EA2-B976-DF0DDCDC0A4B}.Release|Any CPU.ActiveCfg = Release|Any CPU
		{0E1231E5-3B77-4EA2-B976-DF0DDCDC0A4B}.Release|Any CPU.Build.0 = Release|Any CPU
		{A7C25C95-273E-42B3-A4E7-2A085A6160DB}.Debug|Any CPU.ActiveCfg = Debug|Any CPU
		{A7C25C95-273E-42B3-A4E7-2A085A6160DB}.Debug|Any CPU.Build.0 = Debug|Any CPU
		{A7C25C95-273E-42B3-A4E7-2A085A6160DB}.Release|Any CPU.ActiveCfg = Release|Any CPU
		{A7C25C95-273E-42B3-A4E7-2A085A6160DB}.Release|Any CPU.Build.0 = Release|Any CPU
		{5F6E6FEC-B83F-4573-A1DC-529AC61E8004}.Debug|Any CPU.ActiveCfg = Debug|Any CPU
		{5F6E6FEC-B83F-4573-A1DC-529AC61E8004}.Debug|Any CPU.Build.0 = Debug|Any CPU
		{5F6E6FEC-B83F-4573-A1DC-529AC61E8004}.Release|Any CPU.ActiveCfg = Release|Any CPU
		{5F6E6FEC-B83F-4573-A1DC-529AC61E8004}.Release|Any CPU.Build.0 = Release|Any CPU
		{5101B2B7-8D76-45D9-8D6B-4B1B0171D2BA}.Debug|Any CPU.ActiveCfg = Debug|Any CPU
		{5101B2B7-8D76-45D9-8D6B-4B1B0171D2BA}.Debug|Any CPU.Build.0 = Debug|Any CPU
		{5101B2B7-8D76-45D9-8D6B-4B1B0171D2BA}.Release|Any CPU.ActiveCfg = Release|Any CPU
		{5101B2B7-8D76-45D9-8D6B-4B1B0171D2BA}.Release|Any CPU.Build.0 = Release|Any CPU
		{36B97E82-ADB5-4768-957F-709DEDEB52EC}.Debug|Any CPU.ActiveCfg = Debug|Any CPU
		{36B97E82-ADB5-4768-957F-709DEDEB52EC}.Debug|Any CPU.Build.0 = Debug|Any CPU
		{36B97E82-ADB5-4768-957F-709DEDEB52EC}.Release|Any CPU.ActiveCfg = Release|Any CPU
		{36B97E82-ADB5-4768-957F-709DEDEB52EC}.Release|Any CPU.Build.0 = Release|Any CPU
		{F01CFB53-3431-4A32-ACD8-BC275BB2D913}.Debug|Any CPU.ActiveCfg = Debug|Any CPU
		{F01CFB53-3431-4A32-ACD8-BC275BB2D913}.Debug|Any CPU.Build.0 = Debug|Any CPU
		{F01CFB53-3431-4A32-ACD8-BC275BB2D913}.Release|Any CPU.ActiveCfg = Release|Any CPU
		{F01CFB53-3431-4A32-ACD8-BC275BB2D913}.Release|Any CPU.Build.0 = Release|Any CPU
	EndGlobalSection
	GlobalSection(SolutionProperties) = preSolution
		HideSolutionNode = FALSE
	EndGlobalSection
	GlobalSection(NestedProjects) = preSolution
		{A1CB8F06-C67D-4DA6-ABD7-A067F5655FE7} = {2938DBB0-5D40-435D-BDAF-20A73BCC7977}
		{8535D086-25ED-4648-B571-6EE627CA5F3E} = {5C779E5A-DB7A-450E-A37B-A62EAE050B05}
		{DDFD6B50-DF8C-4FE9-A5E1-2CD7281D4B2C} = {EBC4D69A-A7C8-44CC-83E7-A32B1681208C}
		{0E1231E5-3B77-4EA2-B976-DF0DDCDC0A4B} = {2938DBB0-5D40-435D-BDAF-20A73BCC7977}
		{A7C25C95-273E-42B3-A4E7-2A085A6160DB} = {4496DBE8-45BA-4226-B34E-FFB89DDF766C}
		{5F6E6FEC-B83F-4573-A1DC-529AC61E8004} = {8B364180-74A9-43C9-80B2-974F037D2A6C}
		{4496DBE8-45BA-4226-B34E-FFB89DDF766C} = {64156F57-CBD9-4879-BD2C-60789A8C9690}
		{D7B1A09D-9672-49EE-991D-37917BB5ED13} = {64156F57-CBD9-4879-BD2C-60789A8C9690}
		{76EB23A6-399B-4C48-A0CC-6406203E3018} = {A370A978-F0DF-475A-9DC0-FFDED4E62893}
		{2938DBB0-5D40-435D-BDAF-20A73BCC7977} = {19B665F1-C012-4E3E-AF36-363658E3B4B8}
		{EBC4D69A-A7C8-44CC-83E7-A32B1681208C} = {19B665F1-C012-4E3E-AF36-363658E3B4B8}
		{8B364180-74A9-43C9-80B2-974F037D2A6C} = {19B665F1-C012-4E3E-AF36-363658E3B4B8}
		{5101B2B7-8D76-45D9-8D6B-4B1B0171D2BA} = {D7B1A09D-9672-49EE-991D-37917BB5ED13}
		{3659175D-1433-4519-9003-84E98315ECC8} = {64156F57-CBD9-4879-BD2C-60789A8C9690}
		{36B97E82-ADB5-4768-957F-709DEDEB52EC} = {3659175D-1433-4519-9003-84E98315ECC8}
	EndGlobalSection
	GlobalSection(ExtensibilityGlobals) = postSolution
		SolutionGuid = {D7E16D0D-A5BB-45DE-8D7D-DAC8DD65517B}
	EndGlobalSection
EndGlobal
