
Microsoft Visual Studio Solution File, Format Version 12.00
# Visual Studio Version 17
VisualStudioVersion = 17.10.35027.167
MinimumVisualStudioVersion = 10.0.40219.1
Project("{2150E333-8FDC-42A3-9474-1A3956D46DE8}") = "01-Services", "01-Services", "{76555A49-F9A3-4F5F-8225-655034CBE45C}"
EndProject
Project("{2150E333-8FDC-42A3-9474-1A3956D46DE8}") = "1.1-WebApi", "1.1-WebApi", "{6709F7C9-DFA9-4D10-A44E-8C298199D8B0}"
EndProject
Project("{2150E333-8FDC-42A3-9474-1A3956D46DE8}") = "1.2-WorkerServices", "1.2-WorkerServices", "{200E0AA1-6513-4705-816A-ABAE97D3089D}"
EndProject
Project("{FAE04EC0-301F-11D3-BF4B-00C04F79EFBC}") = "service.consumidor.worker", "service.consumidor.worker\service.consumidor.worker.csproj", "{2F46AD3B-503A-423F-A522-6644FDC386AA}"
EndProject
Project("{2150E333-8FDC-42A3-9474-1A3956D46DE8}") = "02-WebApp", "02-WebApp", "{A6A8AC44-F7FD-4572-9DDA-BF1FB8A74628}"
EndProject
Project("{2150E333-8FDC-42A3-9474-1A3956D46DE8}") = "99-Others", "99-Others", "{A7F25DB3-998C-4451-A9D8-A7288F20B7BE}"
EndProject
Project("{E53339B2-1760-4266-BCC7-CA923CBCF16C}") = "docker-compose", "docker-compose.dcproj", "{54CAF31C-4029-4AB3-99DE-B83BE82B676E}"
EndProject
Project("{2150E333-8FDC-42A3-9474-1A3956D46DE8}") = "03-Infraestruture", "03-Infraestruture", "{4D1AF3AD-2F96-486E-8D3B-F49FFDD9DD27}"
EndProject
Project("{2150E333-8FDC-42A3-9474-1A3956D46DE8}") = "03.01-DataBase", "03.01-DataBase", "{D4508DCA-2562-42F7-9462-578987069AFD}"
EndProject
Project("{2150E333-8FDC-42A3-9474-1A3956D46DE8}") = "03.02-Repository", "03.02-Repository", "{9D1D05D1-5D98-450A-B341-E379180C88C4}"
EndProject
Global
	GlobalSection(SolutionConfigurationPlatforms) = preSolution
		Debug|Any CPU = Debug|Any CPU
		Release|Any CPU = Release|Any CPU
	EndGlobalSection
	GlobalSection(ProjectConfigurationPlatforms) = postSolution
		{2F46AD3B-503A-423F-A522-6644FDC386AA}.Debug|Any CPU.ActiveCfg = Debug|Any CPU
		{2F46AD3B-503A-423F-A522-6644FDC386AA}.Debug|Any CPU.Build.0 = Debug|Any CPU
		{2F46AD3B-503A-423F-A522-6644FDC386AA}.Release|Any CPU.ActiveCfg = Release|Any CPU
		{2F46AD3B-503A-423F-A522-6644FDC386AA}.Release|Any CPU.Build.0 = Release|Any CPU
		{54CAF31C-4029-4AB3-99DE-B83BE82B676E}.Debug|Any CPU.ActiveCfg = Debug|Any CPU
		{54CAF31C-4029-4AB3-99DE-B83BE82B676E}.Debug|Any CPU.Build.0 = Debug|Any CPU
		{54CAF31C-4029-4AB3-99DE-B83BE82B676E}.Release|Any CPU.ActiveCfg = Release|Any CPU
		{54CAF31C-4029-4AB3-99DE-B83BE82B676E}.Release|Any CPU.Build.0 = Release|Any CPU
	EndGlobalSection
	GlobalSection(SolutionProperties) = preSolution
		HideSolutionNode = FALSE
	EndGlobalSection
	GlobalSection(NestedProjects) = preSolution
		{6709F7C9-DFA9-4D10-A44E-8C298199D8B0} = {76555A49-F9A3-4F5F-8225-655034CBE45C}
		{200E0AA1-6513-4705-816A-ABAE97D3089D} = {76555A49-F9A3-4F5F-8225-655034CBE45C}
		{2F46AD3B-503A-423F-A522-6644FDC386AA} = {200E0AA1-6513-4705-816A-ABAE97D3089D}
		{D4508DCA-2562-42F7-9462-578987069AFD} = {4D1AF3AD-2F96-486E-8D3B-F49FFDD9DD27}
		{9D1D05D1-5D98-450A-B341-E379180C88C4} = {4D1AF3AD-2F96-486E-8D3B-F49FFDD9DD27}
	EndGlobalSection
	GlobalSection(ExtensibilityGlobals) = postSolution
		SolutionGuid = {373363F2-0144-40F2-B579-723F76C066D8}
	EndGlobalSection
EndGlobal
